// !$*UTF8*$!
{
	archiveVersion = 1;
	classes = {
	};
	objectVersion = 50;
	objects = {

/* Begin PBXBuildFile section */
		3FB2C9302360A1CA00C3759C /* AppDelegate.swift in Sources */ = {isa = PBXBuildFile; fileRef = 3FB2C92F2360A1CA00C3759C /* AppDelegate.swift */; };
		3FB2C9342360A1CA00C3759C /* ViewController.swift in Sources */ = {isa = PBXBuildFile; fileRef = 3FB2C9332360A1CA00C3759C /* ViewController.swift */; };
		3FB2C9372360A1CA00C3759C /* Main.storyboard in Resources */ = {isa = PBXBuildFile; fileRef = 3FB2C9352360A1CA00C3759C /* Main.storyboard */; };
		3FB2C9392360A1CB00C3759C /* Assets.xcassets in Resources */ = {isa = PBXBuildFile; fileRef = 3FB2C9382360A1CB00C3759C /* Assets.xcassets */; };
		3FB2C93C2360A1CB00C3759C /* LaunchScreen.storyboard in Resources */ = {isa = PBXBuildFile; fileRef = 3FB2C93A2360A1CB00C3759C /* LaunchScreen.storyboard */; };
		3FB2C9442360A1DD00C3759C /* TextViewWithBugController.swift in Sources */ = {isa = PBXBuildFile; fileRef = 3FB2C9432360A1DD00C3759C /* TextViewWithBugController.swift */; };
		3FB2C9462360AD2200C3759C /* TextViewWithoutBugController.swift in Sources */ = {isa = PBXBuildFile; fileRef = 3FB2C9452360AD2200C3759C /* TextViewWithoutBugController.swift */; };
/* End PBXBuildFile section */

/* Begin PBXFileReference section */
		3FB2C92C2360A1CA00C3759C /* TextViewDismiss.app */ = {isa = PBXFileReference; explicitFileType = wrapper.application; includeInIndex = 0; path = TextViewDismiss.app; sourceTree = BUILT_PRODUCTS_DIR; };
		3FB2C92F2360A1CA00C3759C /* AppDelegate.swift */ = {isa = PBXFileReference; lastKnownFileType = sourcecode.swift; path = AppDelegate.swift; sourceTree = "<group>"; };
		3FB2C9332360A1CA00C3759C /* ViewController.swift */ = {isa = PBXFileReference; lastKnownFileType = sourcecode.swift; path = ViewController.swift; sourceTree = "<group>"; };
		3FB2C9362360A1CA00C3759C /* Base */ = {isa = PBXFileReference; lastKnownFileType = file.storyboard; name = Base; path = Base.lproj/Main.storyboard; sourceTree = "<group>"; };
		3FB2C9382360A1CB00C3759C /* Assets.xcassets */ = {isa = PBXFileReference; lastKnownFileType = folder.assetcatalog; path = Assets.xcassets; sourceTree = "<group>"; };
		3FB2C93B2360A1CB00C3759C /* Base */ = {isa = PBXFileReference; lastKnownFileType = file.storyboard; name = Base; path = Base.lproj/LaunchScreen.storyboard; sourceTree = "<group>"; };
		3FB2C93D2360A1CB00C3759C /* Info.plist */ = {isa = PBXFileReference; lastKnownFileType = text.plist.xml; path = Info.plist; sourceTree = "<group>"; };
		3FB2C9432360A1DD00C3759C /* TextViewWithBugController.swift */ = {isa = PBXFileReference; lastKnownFileType = sourcecode.swift; path = TextViewWithBugController.swift; sourceTree = "<group>"; };
		3FB2C9452360AD2200C3759C /* TextViewWithoutBugController.swift */ = {isa = PBXFileReference; lastKnownFileType = sourcecode.swift; path = TextViewWithoutBugController.swift; sourceTree = "<group>"; };
/* End PBXFileReference section */

/* Begin PBXFrameworksBuildPhase section */
		3FB2C9292360A1CA00C3759C /* Frameworks */ = {
			isa = PBXFrameworksBuildPhase;
			buildActionMask = 2147483647;
			files = (
			);
			runOnlyForDeploymentPostprocessing = 0;
		};
/* End PBXFrameworksBuildPhase section */

/* Begin PBXGroup section */
		3FB2C9232360A1CA00C3759C = {
			isa = PBXGroup;
			children = (
				3FB2C92E2360A1CA00C3759C /* TextViewDismiss */,
				3FB2C92D2360A1CA00C3759C /* Products */,
			);
			sourceTree = "<group>";
		};
		3FB2C92D2360A1CA00C3759C /* Products */ = {
			isa = PBXGroup;
			children = (
				3FB2C92C2360A1CA00C3759C /* TextViewDismiss.app */,
			);
			name = Products;
			sourceTree = "<group>";
		};
		3FB2C92E2360A1CA00C3759C /* TextViewDismiss */ = {
			isa = PBXGroup;
			children = (
				3FB2C92F2360A1CA00C3759C /* AppDelegate.swift */,
				3FB2C9332360A1CA00C3759C /* ViewController.swift */,
				3FB2C9432360A1DD00C3759C /* TextViewWithBugController.swift */,
				3FB2C9452360AD2200C3759C /* TextViewWithoutBugController.swift */,
				3FB2C9352360A1CA00C3759C /* Main.storyboard */,
				3FB2C9382360A1CB00C3759C /* Assets.xcassets */,
				3FB2C93A2360A1CB00C3759C /* LaunchScreen.storyboard */,
				3FB2C93D2360A1CB00C3759C /* Info.plist */,
			);
			path = TextViewDismiss;
			sourceTree = "<group>";
		};
/* End PBXGroup section */

/* Begin PBXNativeTarget section */
		3FB2C92B2360A1CA00C3759C /* TextViewDismiss */ = {
			isa = PBXNativeTarget;
			buildConfigurationList = 3FB2C9402360A1CB00C3759C /* Build configuration list for PBXNativeTarget "TextViewDismiss" */;
			buildPhases = (
				3FB2C9282360A1CA00C3759C /* Sources */,
				3FB2C9292360A1CA00C3759C /* Frameworks */,
				3FB2C92A2360A1CA00C3759C /* Resources */,
			);
			buildRules = (
			);
			dependencies = (
			);
			name = TextViewDismiss;
			productName = TextViewDismiss;
			productReference = 3FB2C92C2360A1CA00C3759C /* TextViewDismiss.app */;
			productType = "com.apple.product-type.application";
		};
/* End PBXNativeTarget section */

/* Begin PBXProject section */
		3FB2C9242360A1CA00C3759C /* Project object */ = {
			isa = PBXProject;
			attributes = {
				LastSwiftUpdateCheck = 1110;
				LastUpgradeCheck = 1110;
				ORGANIZATIONNAME = "Eugene Kazakov";
				TargetAttributes = {
					3FB2C92B2360A1CA00C3759C = {
						CreatedOnToolsVersion = 11.1;
					};
				};
			};
			buildConfigurationList = 3FB2C9272360A1CA00C3759C /* Build configuration list for PBXProject "TextViewDismiss" */;
			compatibilityVersion = "Xcode 9.3";
			developmentRegion = en;
			hasScannedForEncodings = 0;
			knownRegions = (
				en,
				Base,
			);
			mainGroup = 3FB2C9232360A1CA00C3759C;
			productRefGroup = 3FB2C92D2360A1CA00C3759C /* Products */;
			projectDirPath = "";
			projectRoot = "";
			targets = (
				3FB2C92B2360A1CA00C3759C /* TextViewDismiss */,
			);
		};
/* End PBXProject section */

/* Begin PBXResourcesBuildPhase section */
		3FB2C92A2360A1CA00C3759C /* Resources */ = {
			isa = PBXResourcesBuildPhase;
			buildActionMask = 2147483647;
			files = (
				3FB2C93C2360A1CB00C3759C /* LaunchScreen.storyboard in Resources */,
				3FB2C9392360A1CB00C3759C /* Assets.xcassets in Resources */,
				3FB2C9372360A1CA00C3759C /* Main.storyboard in Resources */,
			);
			runOnlyForDeploymentPostprocessing = 0;
		};
/* End PBXResourcesBuildPhase section */

/* Begin PBXSourcesBuildPhase section */
		3FB2C9282360A1CA00C3759C /* Sources */ = {
			isa = PBXSourcesBuildPhase;
			buildActionMask = 2147483647;
			files = (
				3FB2C9342360A1CA00C3759C /* ViewController.swift in Sources */,
				3FB2C9302360A1CA00C3759C /* AppDelegate.swift in Sources */,
				3FB2C9462360AD2200C3759C /* TextViewWithoutBugController.swift in Sources */,
				3FB2C9442360A1DD00C3759C /* TextViewWithBugController.swift in Sources */,
			);
			runOnlyForDeploymentPostprocessing = 0;
		};
/* End PBXSourcesBuildPhase section */

/* Begin PBXVariantGroup section */
		3FB2C9352360A1CA00C3759C /* Main.storyboard */ = {
			isa = PBXVariantGroup;
			children = (
				3FB2C9362360A1CA00C3759C /* Base */,
			);
			name = Main.storyboard;
			sourceTree = "<group>";
		};
		3FB2C93A2360A1CB00C3759C /* LaunchScreen.storyboard */ = {
			isa = PBXVariantGroup;
			children = (
				3FB2C93B2360A1CB00C3759C /* Base */,
			);
			name = LaunchScreen.storyboard;
			sourceTree = "<group>";
		};
/* End PBXVariantGroup section */

/* Begin XCBuildConfiguration section */
		3FB2C93E2360A1CB00C3759C /* Debug */ = {
			isa = XCBuildConfiguration;
			buildSettings = {
				ALWAYS_SEARCH_USER_PATHS = NO;
				CLANG_ANALYZER_NONNULL = YES;
				CLANG_ANALYZER_NUMBER_OBJECT_CONVERSION = YES_AGGRESSIVE;
				CLANG_CXX_LANGUAGE_STANDARD = "gnu++14";
				CLANG_CXX_LIBRARY = "libc++";
				CLANG_ENABLE_MODULES = YES;
				CLANG_ENABLE_OBJC_ARC = YES;
				CLANG_ENABLE_OBJC_WEAK = YES;
				CLANG_WARN_BLOCK_CAPTURE_AUTORELEASING = YES;
				CLANG_WARN_BOOL_CONVERSION = YES;
				CLANG_WARN_COMMA = YES;
				CLANG_WARN_CONSTANT_CONVERSION = YES;
				CLANG_WARN_DEPRECATED_OBJC_IMPLEMENTATIONS = YES;
				CLANG_WARN_DIRECT_OBJC_ISA_USAGE = YES_ERROR;
				CLANG_WARN_DOCUMENTATION_COMMENTS = YES;
				CLANG_WARN_EMPTY_BODY = YES;
				CLANG_WARN_ENUM_CONVERSION = YES;
				CLANG_WARN_INFINITE_RECURSION = YES;
				CLANG_WARN_INT_CONVERSION = YES;
				CLANG_WARN_NON_LITERAL_NULL_CONVERSION = YES;
				CLANG_WARN_OBJC_IMPLICIT_RETAIN_SELF = YES;
				CLANG_WARN_OBJC_LITERAL_CONVERSION = YES;
				CLANG_WARN_OBJC_ROOT_CLASS = YES_ERROR;
				CLANG_WARN_RANGE_LOOP_ANALYSIS = YES;
				CLANG_WARN_STRICT_PROTOTYPES = YES;
				CLANG_WARN_SUSPICIOUS_MOVE = YES;
				CLANG_WARN_UNGUARDED_AVAILABILITY = YES_AGGRESSIVE;
				CLANG_WARN_UNREACHABLE_CODE = YES;
				CLANG_WARN__DUPLICATE_METHOD_MATCH = YES;
				COPY_PHASE_STRIP = NO;
				DEBUG_INFORMATION_FORMAT = dwarf;
				ENABLE_STRICT_OBJC_MSGSEND = YES;
				ENABLE_TESTABILITY = YES;
				GCC_C_LANGUAGE_STANDARD = gnu11;
				GCC_DYNAMIC_NO_PIC = NO;
				GCC_NO_COMMON_BLOCKS = YES;
				GCC_OPTIMIZATION_LEVEL = 0;
				GCC_PREPROCESSOR_DEFINITIONS = (
					"DEBUG=1",
					"$(inherited)",
				);
				GCC_WARN_64_TO_32_BIT_CONVERSION = YES;
				GCC_WARN_ABOUT_RETURN_TYPE = YES_ERROR;
				GCC_WARN_UNDECLARED_SELECTOR = YES;
				GCC_WARN_UNINITIALIZED_AUTOS = YES_AGGRESSIVE;
				GCC_WARN_UNUSED_FUNCTION = YES;
				GCC_WARN_UNUSED_VARIABLE = YES;
				IPHONEOS_DEPLOYMENT_TARGET = 13.1;
				MTL_ENABLE_DEBUG_INFO = INCLUDE_SOURCE;
				MTL_FAST_MATH = YES;
				ONLY_ACTIVE_ARCH = YES;
				SDKROOT = iphoneos;
				SWIFT_ACTIVE_COMPILATION_CONDITIONS = DEBUG;
				SWIFT_OPTIMIZATION_LEVEL = "-Onone";
			};
			name = Debug;
		};
		3FB2C93F2360A1CB00C3759C /* Release */ = {
			isa = XCBuildConfiguration;
			buildSettings = {
				ALWAYS_SEARCH_USER_PATHS = NO;
				CLANG_ANALYZER_NONNULL = YES;
				CLANG_ANALYZER_NUMBER_OBJECT_CONVERSION = YES_AGGRESSIVE;
				CLANG_CXX_LANGUAGE_STANDARD = "gnu++14";
				CLANG_CXX_LIBRARY = "libc++";
				CLANG_ENABLE_MODULES = YES;
				CLANG_ENABLE_OBJC_ARC = YES;
				CLANG_ENABLE_OBJC_WEAK = YES;
				CLANG_WARN_BLOCK_CAPTURE_AUTORELEASING = YES;
				CLANG_WARN_BOOL_CONVERSION = YES;
				CLANG_WARN_COMMA = YES;
				CLANG_WARN_CONSTANT_CONVERSION = YES;
				CLANG_WARN_DEPRECATED_OBJC_IMPLEMENTATIONS = YES;
				CLANG_WARN_DIRECT_OBJC_ISA_USAGE = YES_ERROR;
				CLANG_WARN_DOCUMENTATION_COMMENTS = YES;
				CLANG_WARN_EMPTY_BODY = YES;
				CLANG_WARN_ENUM_CONVERSION = YES;
				CLANG_WARN_INFINITE_RECURSION = YES;
				CLANG_WARN_INT_CONVERSION = YES;
				CLANG_WARN_NON_LITERAL_NULL_CONVERSION = YES;
				CLANG_WARN_OBJC_IMPLICIT_RETAIN_SELF = YES;
				CLANG_WARN_OBJC_LITERAL_CONVERSION = YES;
				CLANG_WARN_OBJC_ROOT_CLASS = YES_ERROR;
				CLANG_WARN_RANGE_LOOP_ANALYSIS = YES;
				CLANG_WARN_STRICT_PROTOTYPES = YES;
				CLANG_WARN_SUSPICIOUS_MOVE = YES;
				CLANG_WARN_UNGUARDED_AVAILABILITY = YES_AGGRESSIVE;
				CLANG_WARN_UNREACHABLE_CODE = YES;
				CLANG_WARN__DUPLICATE_METHOD_MATCH = YES;
				COPY_PHASE_STRIP = NO;
				DEBUG_INFORMATION_FORMAT = "dwarf-with-dsym";
				ENABLE_NS_ASSERTIONS = NO;
				ENABLE_STRICT_OBJC_MSGSEND = YES;
				GCC_C_LANGUAGE_STANDARD = gnu11;
				GCC_NO_COMMON_BLOCKS = YES;
				GCC_WARN_64_TO_32_BIT_CONVERSION = YES;
				GCC_WARN_ABOUT_RETURN_TYPE = YES_ERROR;
				GCC_WARN_UNDECLARED_SELECTOR = YES;
				GCC_WARN_UNINITIALIZED_AUTOS = YES_AGGRESSIVE;
				GCC_WARN_UNUSED_FUNCTION = YES;
				GCC_WARN_UNUSED_VARIABLE = YES;
				IPHONEOS_DEPLOYMENT_TARGET = 13.1;
				MTL_ENABLE_DEBUG_INFO = NO;
				MTL_FAST_MATH = YES;
				SDKROOT = iphoneos;
				SWIFT_COMPILATION_MODE = wholemodule;
				SWIFT_OPTIMIZATION_LEVEL = "-O";
				VALIDATE_PRODUCT = YES;
			};
			name = Release;
		};
		3FB2C9412360A1CB00C3759C /* Debug */ = {
			isa = XCBuildConfiguration;
			buildSettings = {
				ASSETCATALOG_COMPILER_APPICON_NAME = AppIcon;
				CODE_SIGN_STYLE = Automatic;
				DEVELOPMENT_TEAM = 22TBR3K4G9;
				INFOPLIST_FILE = TextViewDismiss/Info.plist;
				IPHONEOS_DEPLOYMENT_TARGET = 12.0;
				LD_RUNPATH_SEARCH_PATHS = (
					"$(inherited)",
					"@executable_path/Frameworks",
				);
				PRODUCT_BUNDLE_IDENTIFIER = ios.bug.TextViewDismiss;
				PRODUCT_NAME = "$(TARGET_NAME)";
				SWIFT_VERSION = 5.0;
				TARGETED_DEVICE_FAMILY = "1,2";
			};
			name = Debug;
		};
		3FB2C9422360A1CB00C3759C /* Release */ = {
			isa = XCBuildConfiguration;
			buildSettings = {
				ASSETCATALOG_COMPILER_APPICON_NAME = AppIcon;
				CODE_SIGN_STYLE = Automatic;
				DEVELOPMENT_TEAM = 22TBR3K4G9;
				INFOPLIST_FILE = TextViewDismiss/Info.plist;
				IPHONEOS_DEPLOYMENT_TARGET = 12.0;
				LD_RUNPATH_SEARCH_PATHS = (
					"$(inherited)",
					"@executable_path/Frameworks",
				);
				PRODUCT_BUNDLE_IDENTIFIER = ios.bug.TextViewDismiss;
				PRODUCT_NAME = "$(TARGET_NAME)";
				SWIFT_VERSION = 5.0;
				TARGETED_DEVICE_FAMILY = "1,2";
			};
			name = Release;
		};
/* End XCBuildConfiguration section */

/* Begin XCConfigurationList section */
		3FB2C9272360A1CA00C3759C /* Build configuration list for PBXProject "TextViewDismiss" */ = {
			isa = XCConfigurationList;
			buildConfigurations = (
				3FB2C93E2360A1CB00C3759C /* Debug */,
				3FB2C93F2360A1CB00C3759C /* Release */,
			);
			defaultConfigurationIsVisible = 0;
			defaultConfigurationName = Release;
		};
		3FB2C9402360A1CB00C3759C /* Build configuration list for PBXNativeTarget "TextViewDismiss" */ = {
			isa = XCConfigurationList;
			buildConfigurations = (
				3FB2C9412360A1CB00C3759C /* Debug */,
				3FB2C9422360A1CB00C3759C /* Release */,
			);
			defaultConfigurationIsVisible = 0;
			defaultConfigurationName = Release;
		};
/* End XCConfigurationList section */
	};
	rootObject = 3FB2C9242360A1CA00C3759C /* Project object */;
}
